{
  "nodes": {
    "nixpkgs": {
      "locked": {
        "lastModified": 1784007870,
        "narHash": "sha256-djcLt/JJphyNt4eDY9XTly+/WbCK5lqWq9lSgCmJkkQ=",
        "owner": "nixos",
        "repo": "nixpkgs",
        "rev": "18b9261cb3294b6d2a06d03f96872827b8fe2698",
        "type": "github"
      },
      "original": {
        "owner": "nixos",
        "ref": "nixos-unstable",
        "repo": "nixpkgs",
        "type": "github"
      }
    },
    "root": {
      "inputs": {
        "nixpkgs": "nixpkgs",
        "seadrive-fuse": "seadrive-fuse",
        "seadrive-gui": "seadrive-gui",
        "seafile": "seafile",
        "seafile-client": "seafile-client"
      }
    },
    "seadrive-fuse": {
      "flake": false,
      "locked": {
        "lastModified": 1785983386,
        "narHash": "sha256-RTCsPD36oQ05kkYlnegR0ZGW3e6X3qDtnKRtYySibCY=",
        "owner": "shwewo",
        "repo": "seadrive-fuse",
        "rev": "f087e075fa276f1d81ac1e5200b274f51b4307b3",
        "type": "github"
      },
      "original": {
        "owner": "shwewo",
        "repo": "seadrive-fuse",
        "type": "github"
      }
    },
    "seadrive-gui": {
      "flake": false,
      "locked": {
        "lastModified": 1785983445,
        "narHash": "sha256-9JDt/RqZYjDnu8TvXJXJy9yUMB6p7k/t8xAtGftjoG0=",
        "owner": "shwewo",
        "repo": "seadrive-gui",
        "rev": "ce75ae62a7c52f404d304b56049f240b2b7a3c31",
        "type": "github"
      },
      "original": {
        "owner": "shwewo",
        "repo": "seadrive-gui",
        "type": "github"
      }
    },
    "seafile": {
      "flake": false,
      "locked": {
        "lastModified": 1785983402,
        "narHash": "sha256-fp7Juc0Hy4C4vADOd+pygrI+qDCP9rMdDzFkRvRpRC0=",
        "owner": "shwewo",
        "repo": "seafile",
        "rev": "c1f4b1fd97cfec2d351942893ddee72874c62253",
        "type": "github"
      },
      "original": {
        "owner": "shwewo",
        "repo": "seafile",
        "type": "github"
      }
    },
    "seafile-client": {
      "flake": false,
      "locked": {
        "lastModified": 1785983366,
        "narHash": "sha256-eh+TmhZYz7ng9d3nIjhb6YGgP5Jb8Qxdmko9JqiUVSQ=",
        "owner": "shwewo",
        "repo": "seafile-client",
        "rev": "953374f1542b27cf7924d76371db724ada831cf5",
        "type": "github"
      },
      "original": {
        "owner": "shwewo",
        "repo": "seafile-client",
        "type": "github"
      }
    }
  },
  "root": "root",
  "version": 7
}
