{
  "nodes": {
    "nixpkgs": {
      "locked": {
        "lastModified": 1782723713,
        "narHash": "sha256-oPXCU/SSUokcGaJREHibG1CBX3+s/W7orDWQOZDsEeQ=",
        "owner": "nixos",
        "repo": "nixpkgs",
        "rev": "b5aa0fbd538984f6e3d201be0005b4463d8b09f8",
        "type": "github"
      },
      "original": {
        "owner": "nixos",
        "ref": "nixos-unstable",
        "repo": "nixpkgs",
        "type": "github"
      }
    },
    "root": {
      "inputs": {
        "nixpkgs": "nixpkgs",
        "seadrive-fuse": "seadrive-fuse",
        "seadrive-gui": "seadrive-gui",
        "seafile": "seafile",
        "seafile-client": "seafile-client"
      }
    },
    "seadrive-fuse": {
      "flake": false,
      "locked": {
        "lastModified": 1782882032,
        "narHash": "sha256-wXTPIVB+CsaBSm8mlJELxpYcNyFOSVWEXZg5kD0Wx/0=",
        "owner": "shwewo",
        "repo": "seadrive-fuse",
        "rev": "dcf4f6e960be17c619f81de319f0ee6f5fe87d30",
        "type": "github"
      },
      "original": {
        "owner": "shwewo",
        "repo": "seadrive-fuse",
        "type": "github"
      }
    },
    "seadrive-gui": {
      "flake": false,
      "locked": {
        "lastModified": 1782831068,
        "narHash": "sha256-BxUZjVVt65IXDIHhab3/rB89z3wAXaij9NGisASnPnA=",
        "owner": "shwewo",
        "repo": "seadrive-gui",
        "rev": "1cf3096625ca26e077e6d655c7c303f02d91b7d6",
        "type": "github"
      },
      "original": {
        "owner": "shwewo",
        "repo": "seadrive-gui",
        "type": "github"
      }
    },
    "seafile": {
      "flake": false,
      "locked": {
        "lastModified": 1782962724,
        "narHash": "sha256-tsx6T3QjJ9QrOjeyiNllHP513APhGbnXBztSLFiCSHk=",
        "owner": "shwewo",
        "repo": "seafile",
        "rev": "26cddfa82d163654bdca084da13f2066fd9d6729",
        "type": "github"
      },
      "original": {
        "owner": "shwewo",
        "repo": "seafile",
        "type": "github"
      }
    },
    "seafile-client": {
      "flake": false,
      "locked": {
        "lastModified": 1782962813,
        "narHash": "sha256-nyvRkA7h7FVDueyr2i/7pJzOEeqioCFkSvTNb4T5QhA=",
        "owner": "shwewo",
        "repo": "seafile-client",
        "rev": "0ccb3a7f3c48c72addc53d00e8d309531652eb59",
        "type": "github"
      },
      "original": {
        "owner": "shwewo",
        "repo": "seafile-client",
        "type": "github"
      }
    }
  },
  "root": "root",
  "version": 7
}
